
Microsoft Visual Studio Solution File, Format Version 12.00
# Visual Studio Version 17
VisualStudioVersion = 17.0.31903.59
MinimumVisualStudioVersion = 10.0.40219.1
Project("{FAE04EC0-301F-11D3-BF4B-00C04F79EFBC}") = "Synget.AgoraIntegrator", "Synget.AgoraIntegrator\Synget.AgoraIntegrator.csproj", "{A1B2C3D4-E5F6-7890-ABCD-EF1234567890}"
EndProject
Project("{FAE04EC0-301F-11D3-BF4B-00C04F79EFBC}") = "Synget.AgoraIntegrator.API", "Synget.AgoraIntegrator.API\Synget.AgoraIntegrator.API.csproj", "{03E14106-54FB-4404-98DC-617C1AACEBA1}"
EndProject
Project("{FAE04EC0-301F-11D3-BF4B-00C04F79EFBC}") = "Synget.AgoraIntegrator.ConsoleTester", "Synget.AgoraIntegrator.ConsoleTester\Synget.AgoraIntegrator.ConsoleTester.csproj", "{4B72C01B-AD5D-414F-AC9B-AE3B76ED1895}"
EndProject
Project("{FAE04EC0-301F-11D3-BF4B-00C04F79EFBC}") = "Synget.ChatIntegrator", "Synget.ChatIntegrator\Synget.ChatIntegrator.csproj", "{B1C2D3E4-F5A6-7890-BCDE-123456789012}"
EndProject
Global
	GlobalSection(SolutionConfigurationPlatforms) = preSolution
		Debug|Any CPU = Debug|Any CPU
		Debug|x64 = Debug|x64
		Debug|x86 = Debug|x86
		Release|Any CPU = Release|Any CPU
		Release|x64 = Release|x64
		Release|x86 = Release|x86
	EndGlobalSection
	GlobalSection(ProjectConfigurationPlatforms) = postSolution
		{A1B2C3D4-E5F6-7890-ABCD-EF1234567890}.Debug|Any CPU.ActiveCfg = Debug|Any CPU
		{A1B2C3D4-E5F6-7890-ABCD-EF1234567890}.Debug|Any CPU.Build.0 = Debug|Any CPU
		{A1B2C3D4-E5F6-7890-ABCD-EF1234567890}.Debug|x64.ActiveCfg = Debug|Any CPU
		{A1B2C3D4-E5F6-7890-ABCD-EF1234567890}.Debug|x64.Build.0 = Debug|Any CPU
		{A1B2C3D4-E5F6-7890-ABCD-EF1234567890}.Debug|x86.ActiveCfg = Debug|Any CPU
		{A1B2C3D4-E5F6-7890-ABCD-EF1234567890}.Debug|x86.Build.0 = Debug|Any CPU
		{A1B2C3D4-E5F6-7890-ABCD-EF1234567890}.Release|Any CPU.ActiveCfg = Release|Any CPU
		{A1B2C3D4-E5F6-7890-ABCD-EF1234567890}.Release|Any CPU.Build.0 = Release|Any CPU
		{A1B2C3D4-E5F6-7890-ABCD-EF1234567890}.Release|x64.ActiveCfg = Release|Any CPU
		{A1B2C3D4-E5F6-7890-ABCD-EF1234567890}.Release|x64.Build.0 = Release|Any CPU
		{A1B2C3D4-E5F6-7890-ABCD-EF1234567890}.Release|x86.ActiveCfg = Release|Any CPU
		{A1B2C3D4-E5F6-7890-ABCD-EF1234567890}.Release|x86.Build.0 = Release|Any CPU
		{03E14106-54FB-4404-98DC-617C1AACEBA1}.Debug|Any CPU.ActiveCfg = Debug|Any CPU
		{03E14106-54FB-4404-98DC-617C1AACEBA1}.Debug|Any CPU.Build.0 = Debug|Any CPU
		{03E14106-54FB-4404-98DC-617C1AACEBA1}.Debug|x64.ActiveCfg = Debug|Any CPU
		{03E14106-54FB-4404-98DC-617C1AACEBA1}.Debug|x64.Build.0 = Debug|Any CPU
		{03E14106-54FB-4404-98DC-617C1AACEBA1}.Debug|x86.ActiveCfg = Debug|Any CPU
		{03E14106-54FB-4404-98DC-617C1AACEBA1}.Debug|x86.Build.0 = Debug|Any CPU
		{03E14106-54FB-4404-98DC-617C1AACEBA1}.Release|Any CPU.ActiveCfg = Release|Any CPU
		{03E14106-54FB-4404-98DC-617C1AACEBA1}.Release|Any CPU.Build.0 = Release|Any CPU
		{03E14106-54FB-4404-98DC-617C1AACEBA1}.Release|x64.ActiveCfg = Release|Any CPU
		{03E14106-54FB-4404-98DC-617C1AACEBA1}.Release|x64.Build.0 = Release|Any CPU
		{03E14106-54FB-4404-98DC-617C1AACEBA1}.Release|x86.ActiveCfg = Release|Any CPU
		{03E14106-54FB-4404-98DC-617C1AACEBA1}.Release|x86.Build.0 = Release|Any CPU
		{4B72C01B-AD5D-414F-AC9B-AE3B76ED1895}.Debug|Any CPU.ActiveCfg = Debug|Any CPU
		{4B72C01B-AD5D-414F-AC9B-AE3B76ED1895}.Debug|Any CPU.Build.0 = Debug|Any CPU
		{4B72C01B-AD5D-414F-AC9B-AE3B76ED1895}.Debug|x64.ActiveCfg = Debug|Any CPU
		{4B72C01B-AD5D-414F-AC9B-AE3B76ED1895}.Debug|x64.Build.0 = Debug|Any CPU
		{4B72C01B-AD5D-414F-AC9B-AE3B76ED1895}.Debug|x86.ActiveCfg = Debug|Any CPU
		{4B72C01B-AD5D-414F-AC9B-AE3B76ED1895}.Debug|x86.Build.0 = Debug|Any CPU
		{4B72C01B-AD5D-414F-AC9B-AE3B76ED1895}.Release|Any CPU.ActiveCfg = Release|Any CPU
		{4B72C01B-AD5D-414F-AC9B-AE3B76ED1895}.Release|Any CPU.Build.0 = Release|Any CPU
		{4B72C01B-AD5D-414F-AC9B-AE3B76ED1895}.Release|x64.ActiveCfg = Release|Any CPU
		{4B72C01B-AD5D-414F-AC9B-AE3B76ED1895}.Release|x64.Build.0 = Release|Any CPU
		{4B72C01B-AD5D-414F-AC9B-AE3B76ED1895}.Release|x86.ActiveCfg = Release|Any CPU
		{4B72C01B-AD5D-414F-AC9B-AE3B76ED1895}.Release|x86.Build.0 = Release|Any CPU
		{B1C2D3E4-F5A6-7890-BCDE-123456789012}.Debug|Any CPU.ActiveCfg = Debug|Any CPU
		{B1C2D3E4-F5A6-7890-BCDE-123456789012}.Debug|Any CPU.Build.0 = Debug|Any CPU
		{B1C2D3E4-F5A6-7890-BCDE-123456789012}.Debug|x64.ActiveCfg = Debug|Any CPU
		{B1C2D3E4-F5A6-7890-BCDE-123456789012}.Debug|x64.Build.0 = Debug|Any CPU
		{B1C2D3E4-F5A6-7890-BCDE-123456789012}.Debug|x86.ActiveCfg = Debug|Any CPU
		{B1C2D3E4-F5A6-7890-BCDE-123456789012}.Debug|x86.Build.0 = Debug|Any CPU
		{B1C2D3E4-F5A6-7890-BCDE-123456789012}.Release|Any CPU.ActiveCfg = Release|Any CPU
		{B1C2D3E4-F5A6-7890-BCDE-123456789012}.Release|Any CPU.Build.0 = Release|Any CPU
		{B1C2D3E4-F5A6-7890-BCDE-123456789012}.Release|x64.ActiveCfg = Release|Any CPU
		{B1C2D3E4-F5A6-7890-BCDE-123456789012}.Release|x64.Build.0 = Release|Any CPU
		{B1C2D3E4-F5A6-7890-BCDE-123456789012}.Release|x86.ActiveCfg = Release|Any CPU
		{B1C2D3E4-F5A6-7890-BCDE-123456789012}.Release|x86.Build.0 = Release|Any CPU
	EndGlobalSection
	GlobalSection(SolutionProperties) = preSolution
		HideSolutionNode = FALSE
	EndGlobalSection
EndGlobal
