
Microsoft Visual Studio Solution File, Format Version 12.00
# Visual Studio Version 17
VisualStudioVersion = 17.0.31903.59
MinimumVisualStudioVersion = 10.0.40219.1
Project("{FAE04EC0-301F-11D3-BF4B-00C04F79EFBC}") = "Synget_R2.Integrator", "Synget_R2.Integrator\Synget_R2.Integrator.csproj", "{D515ADBE-AE54-4584-989D-BF4525723920}"
EndProject
Project("{FAE04EC0-301F-11D3-BF4B-00C04F79EFBC}") = "Synget_R2.Integrator.API", "Synget_R2.Integrator.API\Synget_R2.Integrator.API.csproj", "{67405C57-9698-4DE1-B04A-C5B018151271}"
EndProject
Global
	GlobalSection(SolutionConfigurationPlatforms) = preSolution
		Debug|Any CPU = Debug|Any CPU
		Debug|x64 = Debug|x64
		Debug|x86 = Debug|x86
		Release|Any CPU = Release|Any CPU
		Release|x64 = Release|x64
		Release|x86 = Release|x86
	EndGlobalSection
	GlobalSection(ProjectConfigurationPlatforms) = postSolution
		{D515ADBE-AE54-4584-989D-BF4525723920}.Debug|Any CPU.ActiveCfg = Debug|Any CPU
		{D515ADBE-AE54-4584-989D-BF4525723920}.Debug|Any CPU.Build.0 = Debug|Any CPU
		{D515ADBE-AE54-4584-989D-BF4525723920}.Debug|x64.ActiveCfg = Debug|Any CPU
		{D515ADBE-AE54-4584-989D-BF4525723920}.Debug|x64.Build.0 = Debug|Any CPU
		{D515ADBE-AE54-4584-989D-BF4525723920}.Debug|x86.ActiveCfg = Debug|Any CPU
		{D515ADBE-AE54-4584-989D-BF4525723920}.Debug|x86.Build.0 = Debug|Any CPU
		{D515ADBE-AE54-4584-989D-BF4525723920}.Release|Any CPU.ActiveCfg = Release|Any CPU
		{D515ADBE-AE54-4584-989D-BF4525723920}.Release|Any CPU.Build.0 = Release|Any CPU
		{D515ADBE-AE54-4584-989D-BF4525723920}.Release|x64.ActiveCfg = Release|Any CPU
		{D515ADBE-AE54-4584-989D-BF4525723920}.Release|x64.Build.0 = Release|Any CPU
		{D515ADBE-AE54-4584-989D-BF4525723920}.Release|x86.ActiveCfg = Release|Any CPU
		{D515ADBE-AE54-4584-989D-BF4525723920}.Release|x86.Build.0 = Release|Any CPU
		{67405C57-9698-4DE1-B04A-C5B018151271}.Debug|Any CPU.ActiveCfg = Debug|Any CPU
		{67405C57-9698-4DE1-B04A-C5B018151271}.Debug|Any CPU.Build.0 = Debug|Any CPU
		{67405C57-9698-4DE1-B04A-C5B018151271}.Debug|x64.ActiveCfg = Debug|Any CPU
		{67405C57-9698-4DE1-B04A-C5B018151271}.Debug|x64.Build.0 = Debug|Any CPU
		{67405C57-9698-4DE1-B04A-C5B018151271}.Debug|x86.ActiveCfg = Debug|Any CPU
		{67405C57-9698-4DE1-B04A-C5B018151271}.Debug|x86.Build.0 = Debug|Any CPU
		{67405C57-9698-4DE1-B04A-C5B018151271}.Release|Any CPU.ActiveCfg = Release|Any CPU
		{67405C57-9698-4DE1-B04A-C5B018151271}.Release|Any CPU.Build.0 = Release|Any CPU
		{67405C57-9698-4DE1-B04A-C5B018151271}.Release|x64.ActiveCfg = Release|Any CPU
		{67405C57-9698-4DE1-B04A-C5B018151271}.Release|x64.Build.0 = Release|Any CPU
		{67405C57-9698-4DE1-B04A-C5B018151271}.Release|x86.ActiveCfg = Release|Any CPU
		{67405C57-9698-4DE1-B04A-C5B018151271}.Release|x86.Build.0 = Release|Any CPU
	EndGlobalSection
	GlobalSection(SolutionProperties) = preSolution
		HideSolutionNode = FALSE
	EndGlobalSection
EndGlobal
