Microsoft Visual Studio Solution File, Format Version 12.00
# Visual Studio Version 17
VisualStudioVersion = 17.5.2.0
MinimumVisualStudioVersion = 10.0.40219.1
Project("{FAE04EC0-301F-11D3-BF4B-00C04F79EFBC}") = "AgoraBackend", "AgoraBackend\AgoraBackend.csproj", "{5456E45B-21E8-BD05-7608-38011E26BFA1}"
EndProject
Global
	GlobalSection(SolutionConfigurationPlatforms) = preSolution
		Debug|Any CPU = Debug|Any CPU
		Release|Any CPU = Release|Any CPU
	EndGlobalSection
	GlobalSection(ProjectConfigurationPlatforms) = postSolution
		{5456E45B-21E8-BD05-7608-38011E26BFA1}.Debug|Any CPU.ActiveCfg = Debug|Any CPU
		{5456E45B-21E8-BD05-7608-38011E26BFA1}.Debug|Any CPU.Build.0 = Debug|Any CPU
		{5456E45B-21E8-BD05-7608-38011E26BFA1}.Release|Any CPU.ActiveCfg = Release|Any CPU
		{5456E45B-21E8-BD05-7608-38011E26BFA1}.Release|Any CPU.Build.0 = Release|Any CPU
	EndGlobalSection
	GlobalSection(SolutionProperties) = preSolution
		HideSolutionNode = FALSE
	EndGlobalSection
	GlobalSection(ExtensibilityGlobals) = postSolution
		SolutionGuid = {C45CF9D4-985E-4F9D-9AE1-33F29C2495EE}
	EndGlobalSection
EndGlobal
